{
  "version": "5",
  "specifiers": {
    "npm:@notionhq/client@^5.1.0": "5.1.0",
    "npm:@types/node@*": "24.0.10"
  },
  "npm": {
    "@notionhq/client@5.1.0": {
      "integrity": "sha512-YYVjXYk1XwKQ4XIh+iGjaaXOGHxaDgB3UaGnDMyrZ3X9UiYQsZpzPIvTuhvp97os8a5W5kTQFsyq77+I+COOVQ=="
    },
    "@types/node@24.0.10": {
      "integrity": "sha512-ENHwaH+JIRTDIEEbDK6QSQntAYGtbvdDXnMXnZaZ6k13Du1dPMmprkEHIL7ok2Wl2aZevetwTAb5S+7yIF+enA==",
      "dependencies": [
        "undici-types"
      ]
    },
    "undici-types@7.8.0": {
      "integrity": "sha512-9UJ2xGDvQ43tYyVMpuHlsgApydB8ZKfVYTsLDhXkFL/6gfkp+U8xTGdh8pMJv1SpZna0zxG1DwsKZsreLbXBxw=="
    }
  },
  "workspace": {
    "dependencies": [
      "npm:@notionhq/client@^5.1.0"
    ]
  }
}
