{
  "version": "5",
  "specifiers": {
    "npm:@notionhq/client@^5.22.0": "5.22.0",
    "npm:@types/node@*": "24.0.10"
  },
  "npm": {
    "@notionhq/client@5.22.0": {
      "integrity": "sha512-lZ3JGBCd6O6MNHWn/58QcUqX1FgmlcODcx/EaUEEpuxLXF5tSi+v29Vzoz8mZ6JgDWDn5pMzzjB69QevYjQQZA=="
    },
    "@types/node@24.0.10": {
      "integrity": "sha512-ENHwaH+JIRTDIEEbDK6QSQntAYGtbvdDXnMXnZaZ6k13Du1dPMmprkEHIL7ok2Wl2aZevetwTAb5S+7yIF+enA==",
      "dependencies": [
        "undici-types"
      ]
    },
    "undici-types@7.8.0": {
      "integrity": "sha512-9UJ2xGDvQ43tYyVMpuHlsgApydB8ZKfVYTsLDhXkFL/6gfkp+U8xTGdh8pMJv1SpZna0zxG1DwsKZsreLbXBxw=="
    }
  },
  "workspace": {
    "dependencies": [
      "npm:@notionhq/client@^5.22.0"
    ]
  }
}
